
Microsoft Visual Studio Solution File, Format Version 12.00
# Visual Studio Version 17
VisualStudioVersion = 17.14.36811.4 d17.14
MinimumVisualStudioVersion = 10.0.40219.1
Project("{FAE04EC0-301F-11D3-BF4B-00C04F79EFBC}") = "Law Firm Management", "Law Firm Management\Law Firm Management.csproj", "{5A76C247-2120-4A26-A138-ED04020AE5A6}"
EndProject
Global
	GlobalSection(SolutionConfigurationPlatforms) = preSolution
		Debug|Any CPU = Debug|Any CPU
		Release|Any CPU = Release|Any CPU
	EndGlobalSection
	GlobalSection(ProjectConfigurationPlatforms) = postSolution
		{5A76C247-2120-4A26-A138-ED04020AE5A6}.Debug|Any CPU.ActiveCfg = Debug|Any CPU
		{5A76C247-2120-4A26-A138-ED04020AE5A6}.Debug|Any CPU.Build.0 = Debug|Any CPU
		{5A76C247-2120-4A26-A138-ED04020AE5A6}.Release|Any CPU.ActiveCfg = Release|Any CPU
		{5A76C247-2120-4A26-A138-ED04020AE5A6}.Release|Any CPU.Build.0 = Release|Any CPU
	EndGlobalSection
	GlobalSection(SolutionProperties) = preSolution
		HideSolutionNode = FALSE
	EndGlobalSection
	GlobalSection(ExtensibilityGlobals) = postSolution
		SolutionGuid = {F0487D42-4E85-44B1-9151-B735C7D1F73A}
	EndGlobalSection
EndGlobal
